
Microsoft Visual Studio Solution File, Format Version 12.00
# Visual Studio 15
VisualStudioVersion = 15.0.26510.0
MinimumVisualStudioVersion = 10.0.40219.1
Project("{9A19103F-16F7-4668-BE54-9A1E7A4F7556}") = "NetStd20", "NetStd20\NetStd20.csproj", "{92B679D7-129D-4433-95B2-C1F3D6711294}"
EndProject
Project("{9A19103F-16F7-4668-BE54-9A1E7A4F7556}") = "NetCoreApp20", "NetCoreApp20\NetCoreApp20.csproj", "{8282A95A-90D0-47B3-877D-22E95B44D703}"
EndProject
Global
	GlobalSection(SolutionConfigurationPlatforms) = preSolution
		Debug|Any CPU = Debug|Any CPU
		Release|Any CPU = Release|Any CPU
	EndGlobalSection
	GlobalSection(ProjectConfigurationPlatforms) = postSolution
		{92B679D7-129D-4433-95B2-C1F3D6711294}.Debug|Any CPU.ActiveCfg = Debug|Any CPU
		{92B679D7-129D-4433-95B2-C1F3D6711294}.Debug|Any CPU.Build.0 = Debug|Any CPU
		{92B679D7-129D-4433-95B2-C1F3D6711294}.Release|Any CPU.ActiveCfg = Release|Any CPU
		{92B679D7-129D-4433-95B2-C1F3D6711294}.Release|Any CPU.Build.0 = Release|Any CPU
		{8282A95A-90D0-47B3-877D-22E95B44D703}.Debug|Any CPU.ActiveCfg = Debug|Any CPU
		{8282A95A-90D0-47B3-877D-22E95B44D703}.Debug|Any CPU.Build.0 = Debug|Any CPU
		{8282A95A-90D0-47B3-877D-22E95B44D703}.Release|Any CPU.ActiveCfg = Release|Any CPU
		{8282A95A-90D0-47B3-877D-22E95B44D703}.Release|Any CPU.Build.0 = Release|Any CPU
	EndGlobalSection
	GlobalSection(SolutionProperties) = preSolution
		HideSolutionNode = FALSE
	EndGlobalSection
EndGlobal
